{
  "name": "budgetproject",
  "version": "1.0.0",
  "lockfileVersion": 1,
  "requires": true,
  "dependencies": {
    "flatpickr": {
      "version": "4.6.9",
      "resolved": "https://registry.npmjs.org/flatpickr/-/flatpickr-4.6.9.tgz",
      "integrity": "sha512-F0azNNi8foVWKSF+8X+ZJzz8r9sE1G4hl06RyceIaLvyltKvDl6vqk9Lm/6AUUCi5HWaIjiUbk7UpeE/fOXOpw=="
    },
    "tablesort": {
      "version": "5.2.1",
      "resolved": "https://registry.npmjs.org/tablesort/-/tablesort-5.2.1.tgz",
      "integrity": "sha512-AmNSrtzyba5Bd+Fm8oJJj/xS2bj5acoHEsDHxER2/4Tzo+5noPORpEsSLT9dI15X2MIuXlNnj+BBQcpMsoeTXQ=="
    }
  }
}
